
Microsoft Visual Studio Solution File, Format Version 12.00
# Visual Studio Version 16
VisualStudioVersion = 16.0.30621.155
MinimumVisualStudioVersion = 10.0.40219.1
Project("{FAE04EC0-301F-11D3-BF4B-00C04F79EFBC}") = "New-MatchGame", "New-MatchGame\New-MatchGame.csproj", "{78688CF0-9348-44AE-8496-167628C2A664}"
EndProject
Global
	GlobalSection(SolutionConfigurationPlatforms) = preSolution
		Debug|Any CPU = Debug|Any CPU
		Release|Any CPU = Release|Any CPU
	EndGlobalSection
	GlobalSection(ProjectConfigurationPlatforms) = postSolution
		{78688CF0-9348-44AE-8496-167628C2A664}.Debug|Any CPU.ActiveCfg = Debug|Any CPU
		{78688CF0-9348-44AE-8496-167628C2A664}.Debug|Any CPU.Build.0 = Debug|Any CPU
		{78688CF0-9348-44AE-8496-167628C2A664}.Release|Any CPU.ActiveCfg = Release|Any CPU
		{78688CF0-9348-44AE-8496-167628C2A664}.Release|Any CPU.Build.0 = Release|Any CPU
	EndGlobalSection
	GlobalSection(SolutionProperties) = preSolution
		HideSolutionNode = FALSE
	EndGlobalSection
	GlobalSection(ExtensibilityGlobals) = postSolution
		SolutionGuid = {3B27DB64-CBD4-42CB-83D9-83809BB74B8E}
	EndGlobalSection
EndGlobal
